
Microsoft Visual Studio Solution File, Format Version 12.00
# Visual Studio Version 16
VisualStudioVersion = 16.0.30503.244
MinimumVisualStudioVersion = 10.0.40219.1
Project("{9A19103F-16F7-4668-BE54-9A1E7A4F7556}") = "car-log", "car-log.csproj", "{027BE3AC-1438-4BE9-87BD-7E291857C077}"
EndProject
Global
	GlobalSection(SolutionConfigurationPlatforms) = preSolution
		Debug|Any CPU = Debug|Any CPU
		Release|Any CPU = Release|Any CPU
	EndGlobalSection
	GlobalSection(ProjectConfigurationPlatforms) = postSolution
		{027BE3AC-1438-4BE9-87BD-7E291857C077}.Debug|Any CPU.ActiveCfg = Debug|Any CPU
		{027BE3AC-1438-4BE9-87BD-7E291857C077}.Debug|Any CPU.Build.0 = Debug|Any CPU
		{027BE3AC-1438-4BE9-87BD-7E291857C077}.Release|Any CPU.ActiveCfg = Release|Any CPU
		{027BE3AC-1438-4BE9-87BD-7E291857C077}.Release|Any CPU.Build.0 = Release|Any CPU
	EndGlobalSection
	GlobalSection(SolutionProperties) = preSolution
		HideSolutionNode = FALSE
	EndGlobalSection
	GlobalSection(ExtensibilityGlobals) = postSolution
		SolutionGuid = {297FD42B-2BA5-4BC4-A2A7-F920061DA803}
	EndGlobalSection
EndGlobal
